#MicroXplorer Configuration settings - do not modify
CAD.formats=
CAD.pinconfig=
CAD.provider=
Dma.Request0=USART6_TX
Dma.RequestsNb=1
Dma.USART6_TX.0.Direction=DMA_MEMORY_TO_PERIPH
Dma.USART6_TX.0.FIFOMode=DMA_FIFOMODE_DISABLE
Dma.USART6_TX.0.Instance=DMA2_Stream6
Dma.USART6_TX.0.MemDataAlignment=DMA_MDATAALIGN_BYTE
Dma.USART6_TX.0.MemInc=DMA_MINC_ENABLE
Dma.USART6_TX.0.Mode=DMA_NORMAL
Dma.USART6_TX.0.PeriphDataAlignment=DMA_PDATAALIGN_BYTE
Dma.USART6_TX.0.PeriphInc=DMA_PINC_DISABLE
Dma.USART6_TX.0.Priority=DMA_PRIORITY_LOW
Dma.USART6_TX.0.RequestParameters=Instance,Direction,PeriphInc,MemInc,PeriphDataAlignment,MemDataAlignment,Mode,Priority,FIFOMode
FATFS.IPParameters=_USE_LABEL,_USE_LFN
FATFS._USE_LABEL=1
FATFS._USE_LFN=3
FREERTOS.FootprintOK=true
FREERTOS.IPParameters=Tasks01,configENABLE_FPU,configTOTAL_HEAP_SIZE,configUSE_NEWLIB_REENTRANT,FootprintOK
FREERTOS.Tasks01=defaultTask,24,2048,StartDefaultTask,Default,NULL,Dynamic,NULL,NULL
FREERTOS.configENABLE_FPU=1
FREERTOS.configTOTAL_HEAP_SIZE=32768
FREERTOS.configUSE_NEWLIB_REENTRANT=1
File.Version=6
GPIO.groupedBy=Group By Peripherals
I2C1.I2C_Mode=I2C_Fast
I2C1.IPParameters=I2C_Mode
I2C2.IPParameters=SMBusPeripheralMode
I2C2.SMBusPeripheralMode=SMBUS_PERIPHERAL_MODE_SMBUS_HOST
KeepUserPlacement=false
Mcu.CPN=STM32F446RET6
Mcu.Family=STM32F4
Mcu.IP0=CRC
Mcu.IP1=DMA
Mcu.IP10=SYS
Mcu.IP11=TIM1
Mcu.IP12=TIM3
Mcu.IP13=TIM4
Mcu.IP14=TIM8
Mcu.IP15=TIM9
Mcu.IP16=TIM10
Mcu.IP17=USART1
Mcu.IP18=USART6
Mcu.IP19=USB_HOST
Mcu.IP2=FATFS
Mcu.IP20=USB_OTG_HS
Mcu.IP3=FREERTOS
Mcu.IP4=I2C1
Mcu.IP5=I2C2
Mcu.IP6=NVIC
Mcu.IP7=RCC
Mcu.IP8=SPI1
Mcu.IP9=SPI3
Mcu.IPNb=21
Mcu.Name=STM32F446R(C-E)Tx
Mcu.Package=LQFP64
Mcu.Pin0=PH0-OSC_IN
Mcu.Pin1=PH1-OSC_OUT
Mcu.Pin10=PA7
Mcu.Pin11=PC4
Mcu.Pin12=PB0
Mcu.Pin13=PB10
Mcu.Pin14=PB12
Mcu.Pin15=PB13
Mcu.Pin16=PB14
Mcu.Pin17=PB15
Mcu.Pin18=PC6
Mcu.Pin19=PC7
Mcu.Pin2=PC1
Mcu.Pin20=PC8
Mcu.Pin21=PC9
Mcu.Pin22=PA8
Mcu.Pin23=PA9
Mcu.Pin24=PA10
Mcu.Pin25=PA11
Mcu.Pin26=PA13
Mcu.Pin27=PA14
Mcu.Pin28=PA15
Mcu.Pin29=PC10
Mcu.Pin3=PC2
Mcu.Pin30=PC11
Mcu.Pin31=PC12
Mcu.Pin32=PD2
Mcu.Pin33=PB3
Mcu.Pin34=PB5
Mcu.Pin35=PB6
Mcu.Pin36=PB7
Mcu.Pin37=PB8
Mcu.Pin38=VP_CRC_VS_CRC
Mcu.Pin39=VP_FATFS_VS_USB
Mcu.Pin4=PA0-WKUP
Mcu.Pin40=VP_FREERTOS_VS_CMSIS_V2
Mcu.Pin41=VP_SYS_VS_tim11
Mcu.Pin42=VP_TIM4_VS_no_output1
Mcu.Pin43=VP_TIM8_VS_no_output1
Mcu.Pin44=VP_TIM10_VS_ClockSourceINT
Mcu.Pin45=VP_TIM10_VS_no_output1
Mcu.Pin46=VP_USB_HOST_VS_USB_HOST_ALL_CLASS_HS
Mcu.Pin5=PA1
Mcu.Pin6=PA2
Mcu.Pin7=PA4
Mcu.Pin8=PA5
Mcu.Pin9=PA6
Mcu.PinsNb=47
Mcu.ThirdPartyNb=0
Mcu.UserConstants=
Mcu.UserName=STM32F446RETx
MxCube.Version=6.10.0
MxDb.Version=DB.6.0.100
NVIC.BusFault_IRQn=true\:0\:0\:false\:false\:true\:false\:false\:false\:false
NVIC.DMA2_Stream6_IRQn=true\:5\:0\:false\:false\:true\:true\:false\:true\:true
NVIC.DebugMonitor_IRQn=true\:0\:0\:false\:false\:true\:false\:false\:false\:false
NVIC.EXTI9_5_IRQn=true\:5\:0\:false\:false\:true\:true\:true\:true\:true
NVIC.ForceEnableDMAVector=true
NVIC.HardFault_IRQn=true\:0\:0\:false\:false\:true\:false\:false\:false\:false
NVIC.I2C2_ER_IRQn=true\:5\:0\:false\:false\:true\:true\:true\:true\:true
NVIC.I2C2_EV_IRQn=true\:5\:0\:false\:false\:true\:true\:true\:true\:true
NVIC.MemoryManagement_IRQn=true\:0\:0\:false\:false\:true\:false\:false\:false\:false
NVIC.NonMaskableInt_IRQn=true\:0\:0\:false\:false\:true\:false\:false\:false\:false
NVIC.OTG_HS_IRQn=true\:5\:0\:false\:false\:true\:true\:false\:true\:true
NVIC.PendSV_IRQn=true\:15\:0\:false\:false\:false\:true\:false\:false\:false
NVIC.PriorityGroup=NVIC_PRIORITYGROUP_4
NVIC.SVCall_IRQn=true\:0\:0\:false\:false\:false\:false\:false\:false\:false
NVIC.SavedPendsvIrqHandlerGenerated=true
NVIC.SavedSvcallIrqHandlerGenerated=true
NVIC.SavedSystickIrqHandlerGenerated=true
NVIC.SysTick_IRQn=true\:15\:0\:false\:false\:false\:true\:false\:true\:false
NVIC.TIM1_CC_IRQn=true\:5\:0\:false\:false\:true\:true\:true\:true\:true
NVIC.TIM1_TRG_COM_TIM11_IRQn=true\:15\:0\:false\:false\:true\:false\:false\:true\:true
NVIC.TIM1_UP_TIM10_IRQn=true\:5\:0\:false\:false\:true\:true\:true\:true\:true
NVIC.TIM4_IRQn=true\:5\:0\:false\:false\:true\:true\:true\:true\:true
NVIC.TIM8_BRK_TIM12_IRQn=true\:5\:0\:false\:false\:true\:false\:false\:true\:true
NVIC.TIM8_CC_IRQn=true\:5\:0\:false\:false\:true\:true\:true\:true\:true
NVIC.TimeBase=TIM1_TRG_COM_TIM11_IRQn
NVIC.TimeBaseIP=TIM11
NVIC.USART6_IRQn=true\:5\:0\:false\:false\:true\:true\:true\:true\:true
NVIC.UsageFault_IRQn=true\:0\:0\:false\:false\:true\:false\:false\:false\:false
PA0-WKUP.GPIOParameters=GPIO_Label
PA0-WKUP.GPIO_Label=BUZZ_EN1 [Piezo]
PA0-WKUP.Locked=true
PA0-WKUP.Signal=GPIO_Output
PA1.GPIOParameters=GPIO_Label
PA1.GPIO_Label=BUZZ_EN2 [Piezo]
PA1.Locked=true
PA1.Signal=GPIO_Output
PA10.GPIOParameters=GPIO_Speed
PA10.GPIO_Speed=GPIO_SPEED_FREQ_LOW
PA10.Mode=Asynchronous
PA10.Signal=USART1_RX
PA11.GPIOParameters=PinState,GPIO_Label
PA11.GPIO_Label=DMX512_RX_EN
PA11.Locked=true
PA11.PinState=GPIO_PIN_SET
PA11.Signal=GPIO_Output
PA13.Mode=JTAG_4_pins
PA13.Signal=SYS_JTMS-SWDIO
PA14.Mode=JTAG_4_pins
PA14.Signal=SYS_JTCK-SWCLK
PA15.Mode=JTAG_4_pins
PA15.Signal=SYS_JTDI
PA2.GPIOParameters=GPIO_Label
PA2.GPIO_Label=BUZZ_DIN [Piezo]
PA2.Signal=S_TIM9_CH1
PA4.GPIOParameters=GPIO_Label
PA4.GPIO_Label=DISP_CS [Display]
PA4.Locked=true
PA4.Signal=GPIO_Output
PA5.GPIOParameters=GPIO_Speed,GPIO_Label
PA5.GPIO_Label=DISP_SCK [Display]
PA5.GPIO_Speed=GPIO_SPEED_FREQ_LOW
PA5.Mode=TX_Only_Simplex_Unidirect_Master
PA5.Signal=SPI1_SCK
PA6.GPIOParameters=GPIO_Label
PA6.GPIO_Label=DISP_DC [Display]
PA6.Locked=true
PA6.Signal=GPIO_Output
PA7.GPIOParameters=GPIO_Speed,GPIO_Label
PA7.GPIO_Label=DISP_MOSI [Display]
PA7.GPIO_Speed=GPIO_SPEED_FREQ_LOW
PA7.Mode=TX_Only_Simplex_Unidirect_Master
PA7.Signal=SPI1_MOSI
PA8.GPIOParameters=GPIO_Label
PA8.GPIO_Label=ENC_CH1
PA8.Signal=S_TIM1_CH1
PA9.GPIOParameters=GPIO_Label
PA9.GPIO_Label=ENC_CH2
PA9.Signal=S_TIM1_CH2
PB0.GPIOParameters=GPIO_Label
PB0.GPIO_Label=LED_OE [LED Driver]
PB0.Signal=S_TIM3_CH3
PB10.GPIOParameters=GPIO_Speed
PB10.GPIO_Speed=GPIO_SPEED_FREQ_LOW
PB10.Mode=SMBus-two-wire-Interface
PB10.Signal=I2C2_SCL
PB12.GPIOParameters=GPIO_Label
PB12.GPIO_Label=USB_HUB_RESET
PB12.Locked=true
PB12.Signal=GPIO_Output
PB13.GPIOParameters=GPIO_Label
PB13.GPIO_Label=USB_DRIVE_VBUS
PB13.Locked=true
PB13.Signal=GPIO_Output
PB14.Mode=Host_FS
PB14.Signal=USB_OTG_HS_DM
PB15.Mode=Host_FS
PB15.Signal=USB_OTG_HS_DP
PB3.Mode=JTAG_4_pins
PB3.Signal=SYS_JTDO-SWO
PB5.GPIOParameters=GPIO_Label,GPIO_ModeDefaultEXTI
PB5.GPIO_Label=KEY_INT [Keypad]
PB5.GPIO_ModeDefaultEXTI=GPIO_MODE_IT_FALLING
PB5.Locked=true
PB5.Signal=GPXTI5
PB6.GPIOParameters=GPIO_Speed
PB6.GPIO_Speed=GPIO_SPEED_FREQ_LOW
PB6.Mode=Asynchronous
PB6.Signal=USART1_TX
PB7.GPIOParameters=GPIO_Speed,GPIO_Pu
PB7.GPIO_Pu=GPIO_NOPULL
PB7.GPIO_Speed=GPIO_SPEED_FREQ_LOW
PB7.Locked=true
PB7.Mode=I2C
PB7.Signal=I2C1_SDA
PB8.GPIOParameters=GPIO_Speed
PB8.GPIO_Speed=GPIO_SPEED_FREQ_LOW
PB8.Locked=true
PB8.Mode=I2C
PB8.Signal=I2C1_SCL
PC1.GPIOParameters=GPIO_Speed,GPIO_Label
PC1.GPIO_Label=LED_SDI [LED Driver]
PC1.GPIO_Speed=GPIO_SPEED_FREQ_LOW
PC1.Mode=TX_Only_Simplex_Unidirect_Master
PC1.Signal=SPI3_MOSI
PC10.GPIOParameters=GPIO_Speed,GPIO_Label
PC10.GPIO_Label=LED_CLK [LED Driver]
PC10.GPIO_Speed=GPIO_SPEED_FREQ_LOW
PC10.Mode=TX_Only_Simplex_Unidirect_Master
PC10.Signal=SPI3_SCK
PC11.GPIOParameters=GPIO_Label
PC11.GPIO_Label=RELAY_SFLT [Safelight]
PC11.Locked=true
PC11.Signal=GPIO_Output
PC12.GPIOParameters=GPIO_Speed
PC12.GPIO_Speed=GPIO_SPEED_FREQ_LOW
PC12.Mode=SMBus-two-wire-Interface
PC12.Signal=I2C2_SDA
PC2.GPIOParameters=GPIO_Label
PC2.GPIO_Label=LED_LE [LED Driver]
PC2.Locked=true
PC2.Signal=GPIO_Output
PC4.GPIOParameters=GPIO_Label
PC4.GPIO_Label=DISP_RESET [Display]
PC4.Locked=true
PC4.Signal=GPIO_Output
PC6.GPIOParameters=GPIO_Speed,GPIO_Label
PC6.GPIO_Label=DMX512_TX
PC6.GPIO_Speed=GPIO_SPEED_FREQ_LOW
PC6.Mode=Asynchronous
PC6.Signal=USART6_TX
PC7.GPIOParameters=GPIO_Speed,GPIO_Label
PC7.GPIO_Label=DMX512_RX
PC7.GPIO_Speed=GPIO_SPEED_FREQ_LOW
PC7.Mode=Asynchronous
PC7.Signal=USART6_RX
PC8.GPIOParameters=GPIO_Label
PC8.GPIO_Label=DMX512_TX_EN
PC8.Locked=true
PC8.Signal=GPIO_Output
PC9.GPIOParameters=GPIO_Label
PC9.GPIO_Label=USB_HUB_CLK
PC9.Locked=true
PC9.Mode=Clock-out-2
PC9.Signal=RCC_MCO_2
PD2.GPIOParameters=GPIO_Label
PD2.GPIO_Label=RELAY_ENLG [Enlarger]
PD2.Locked=true
PD2.Signal=GPIO_Output
PH0-OSC_IN.Mode=HSE-External-Oscillator
PH0-OSC_IN.Signal=RCC_OSC_IN
PH1-OSC_OUT.Mode=HSE-External-Oscillator
PH1-OSC_OUT.Signal=RCC_OSC_OUT
PinOutPanel.RotationAngle=0
ProjectManager.AskForMigrate=true
ProjectManager.BackupPrevious=false
ProjectManager.CompilerOptimize=6
ProjectManager.ComputerToolchain=false
ProjectManager.CoupleFile=false
ProjectManager.CustomerFirmwarePackage=
ProjectManager.DefaultFWLocation=true
ProjectManager.DeletePrevious=true
ProjectManager.DeviceId=STM32F446RETx
ProjectManager.FirmwarePackage=STM32Cube FW_F4 V1.28.0
ProjectManager.FreePins=true
ProjectManager.HalAssertFull=true
ProjectManager.HeapSize=0x200
ProjectManager.KeepUserCode=true
ProjectManager.LastFirmware=true
ProjectManager.LibraryCopy=1
ProjectManager.MainLocation=Core/Src
ProjectManager.MultiThreaded=true
ProjectManager.NoMain=false
ProjectManager.PreviousToolchain=
ProjectManager.ProjectBuild=false
ProjectManager.ProjectFileName=printalyzer-timer.ioc
ProjectManager.ProjectName=printalyzer-timer
ProjectManager.ProjectStructure=
ProjectManager.RegisterCallBack=
ProjectManager.StackSize=0x400
ProjectManager.TargetToolchain=STM32CubeIDE
ProjectManager.ThreadSafeStrategy=Cortex-M4NS\:Default,
ProjectManager.ToolChainLocation=
ProjectManager.UAScriptAfterPath=
ProjectManager.UAScriptBeforePath=
ProjectManager.UnderRoot=true
ProjectManager.functionlistsort=1-SystemClock_Config-RCC-false-HAL-false,2-MX_GPIO_Init-GPIO-false-HAL-true,3-MX_DMA_Init-DMA-false-HAL-true,4-MX_CRC_Init-CRC-false-HAL-true,5-MX_I2C1_Init-I2C1-false-HAL-true,6-MX_I2C2_SMBUS_Init-I2C2-false-HAL-true,7-MX_SPI1_Init-SPI1-false-HAL-true,8-MX_SPI3_Init-SPI3-false-HAL-true,9-MX_TIM1_Init-TIM1-false-HAL-true,10-MX_TIM3_Init-TIM3-false-HAL-true,11-MX_TIM4_Init-TIM4-false-HAL-true,12-MX_TIM8_Init-TIM8-false-HAL-true,13-MX_TIM9_Init-TIM9-false-HAL-true,14-MX_TIM10_Init-TIM10-false-HAL-true,15-MX_USART1_UART_Init-USART1-false-HAL-true,16-MX_USART6_UART_Init-USART6-false-HAL-true,17-MX_FATFS_Init-FATFS-false-HAL-false,18-MX_USB_HOST_Init-USB_HOST-false-HAL-false
RCC.AHBFreq_Value=180000000
RCC.APB1CLKDivider=RCC_HCLK_DIV4
RCC.APB1Freq_Value=45000000
RCC.APB1TimFreq_Value=90000000
RCC.APB2CLKDivider=RCC_HCLK_DIV2
RCC.APB2Freq_Value=90000000
RCC.APB2TimFreq_Value=180000000
RCC.CECFreq_Value=32786.88524590164
RCC.CortexFreq_Value=180000000
RCC.FCLKCortexFreq_Value=180000000
RCC.FMPI2C1Freq_Value=45000000
RCC.FamilyName=M
RCC.HCLKFreq_Value=180000000
RCC.HSE_VALUE=16000000
RCC.I2S1Freq_Value=48000000
RCC.I2S2Freq_Value=48000000
RCC.IPParameters=AHBFreq_Value,APB1CLKDivider,APB1Freq_Value,APB1TimFreq_Value,APB2CLKDivider,APB2Freq_Value,APB2TimFreq_Value,CECFreq_Value,CortexFreq_Value,FCLKCortexFreq_Value,FMPI2C1Freq_Value,FamilyName,HCLKFreq_Value,HSE_VALUE,I2S1Freq_Value,I2S2Freq_Value,MCO2PinFreq_Value,PLLCLKFreq_Value,PLLI2SM,PLLI2SN,PLLI2SPCLKFreq_Value,PLLI2SQCLKFreq_Value,PLLI2SR,PLLI2SRCLKFreq_Value,PLLI2SoutputFreq_Value,PLLM,PLLN,PLLQ,PLLQCLKFreq_Value,PLLRCLKFreq_Value,PLLSAIM,PLLSAIN,PLLSAIP,PLLSAIPCLKFreq_Value,PLLSAIQCLKFreq_Value,PLLSAIoutputFreq_Value,PLLSourceVirtual,PWRFreq_Value,RCC_MCO2Source,RCC_MCODiv2,SAIAFreq_Value,SAIBFreq_Value,SDIOFreq_Value,SPDIFRXFreq_Value,SYSCLKFreq_VALUE,SYSCLKSource,USBCLockSelection,USBFreq_Value,VCOI2SInputFreq_Value,VCOI2SOutputFreq_Value,VCOInputFreq_Value,VCOOutputFreq_Value,VCOSAIInputFreq_Value,VCOSAIOutputFreq_Value
RCC.MCO2PinFreq_Value=24000000
RCC.PLLCLKFreq_Value=180000000
RCC.PLLI2SM=8
RCC.PLLI2SN=96
RCC.PLLI2SPCLKFreq_Value=96000000
RCC.PLLI2SQCLKFreq_Value=96000000
RCC.PLLI2SR=4
RCC.PLLI2SRCLKFreq_Value=48000000
RCC.PLLI2SoutputFreq_Value=96000000
RCC.PLLM=8
RCC.PLLN=180
RCC.PLLQ=8
RCC.PLLQCLKFreq_Value=45000000
RCC.PLLRCLKFreq_Value=180000000
RCC.PLLSAIM=8
RCC.PLLSAIN=96
RCC.PLLSAIP=RCC_PLLSAIP_DIV4
RCC.PLLSAIPCLKFreq_Value=48000000
RCC.PLLSAIQCLKFreq_Value=96000000
RCC.PLLSAIoutputFreq_Value=48000000
RCC.PLLSourceVirtual=RCC_PLLSOURCE_HSE
RCC.PWRFreq_Value=180000000
RCC.RCC_MCO2Source=RCC_MCO2SOURCE_PLLI2SCLK
RCC.RCC_MCODiv2=RCC_MCODIV_2
RCC.SAIAFreq_Value=96000000
RCC.SAIBFreq_Value=96000000
RCC.SDIOFreq_Value=48000000
RCC.SPDIFRXFreq_Value=180000000
RCC.SYSCLKFreq_VALUE=180000000
RCC.SYSCLKSource=RCC_SYSCLKSOURCE_PLLCLK
RCC.USBCLockSelection=RCC_CLK48CLKSOURCE_PLLSAIP
RCC.USBFreq_Value=48000000
RCC.VCOI2SInputFreq_Value=2000000
RCC.VCOI2SOutputFreq_Value=192000000
RCC.VCOInputFreq_Value=2000000
RCC.VCOOutputFreq_Value=360000000
RCC.VCOSAIInputFreq_Value=2000000
RCC.VCOSAIOutputFreq_Value=192000000
SH.GPXTI5.0=GPIO_EXTI5
SH.GPXTI5.ConfNb=1
SH.S_TIM1_CH1.0=TIM1_CH1,Encoder_Interface
SH.S_TIM1_CH1.ConfNb=1
SH.S_TIM1_CH2.0=TIM1_CH2,Encoder_Interface
SH.S_TIM1_CH2.ConfNb=1
SH.S_TIM3_CH3.0=TIM3_CH3,PWM Generation3 CH3
SH.S_TIM3_CH3.ConfNb=1
SH.S_TIM9_CH1.0=TIM9_CH1,PWM Generation1 CH1
SH.S_TIM9_CH1.ConfNb=1
SPI1.BaudRatePrescaler=SPI_BAUDRATEPRESCALER_8
SPI1.CalculateBaudRate=11.25 MBits/s
SPI1.Direction=SPI_DIRECTION_2LINES
SPI1.IPParameters=VirtualType,Mode,Direction,CalculateBaudRate,BaudRatePrescaler
SPI1.Mode=SPI_MODE_MASTER
SPI1.VirtualType=VM_MASTER
SPI3.BaudRatePrescaler=SPI_BAUDRATEPRESCALER_16
SPI3.CLKPolarity=SPI_POLARITY_HIGH
SPI3.CalculateBaudRate=2.8125 MBits/s
SPI3.Direction=SPI_DIRECTION_2LINES
SPI3.IPParameters=VirtualType,Mode,Direction,CalculateBaudRate,BaudRatePrescaler,CLKPolarity
SPI3.Mode=SPI_MODE_MASTER
SPI3.VirtualType=VM_MASTER
TIM1.EncoderMode=TIM_ENCODERMODE_TI12
TIM1.IC1Filter=0x0F
TIM1.IC2Filter=0x0F
TIM1.IPParameters=EncoderMode,IC1Filter,IC2Filter
TIM10.Channel=TIM_CHANNEL_1
TIM10.IPParameters=Channel,Prescaler,Period
TIM10.Period=9999
TIM10.Prescaler=179
TIM3.Channel-PWM\ Generation3\ CH3=TIM_CHANNEL_3
TIM3.IPParameters=Channel-PWM Generation3 CH3,Pulse-PWM Generation3 CH3,Period,Prescaler
TIM3.Period=999
TIM3.Prescaler=8
TIM3.Pulse-PWM\ Generation3\ CH3=500
TIM4.Channel-Output\ Compare1\ No\ Output=TIM_CHANNEL_1
TIM4.IPParameters=Channel-Output Compare1 No Output,Prescaler,Period
TIM4.Period=99
TIM4.Prescaler=89
TIM8.Channel-PWM\ Generation1\ No\ Output=TIM_CHANNEL_1
TIM8.IPParameters=Channel-PWM Generation1 No Output,Prescaler
TIM8.Prescaler=95
TIM9.Channel-PWM\ Generation1\ CH1=TIM_CHANNEL_1
TIM9.IPParameters=Channel-PWM Generation1 CH1,Pulse-PWM Generation1 CH1,Prescaler,Period
TIM9.Period=999
TIM9.Prescaler=179
TIM9.Pulse-PWM\ Generation1\ CH1=500
USART1.IPParameters=VirtualMode
USART1.VirtualMode=VM_ASYNC
USART6.BaudRate=250000
USART6.IPParameters=VirtualMode,BaudRate,StopBits
USART6.StopBits=STOPBITS_2
USART6.VirtualMode=VM_ASYNC
USB_HOST.BSP.number=1
USB_HOST.IPParameters=USBH_HandleTypeDef-ALL_Classes_HS,VirtualModeHS,USBH_DEBUG_LEVEL-ALL_Classes_HS,USBH_PROCESS_STACK_SIZE-ALL_Classes_HS
USB_HOST.USBH_DEBUG_LEVEL-ALL_Classes_HS=2
USB_HOST.USBH_HandleTypeDef-ALL_Classes_HS=hUsbHostHS
USB_HOST.USBH_PROCESS_STACK_SIZE-ALL_Classes_HS=2048
USB_HOST.VirtualModeHS=All_Classes
USB_HOST0.BSP.STBoard=false
USB_HOST0.BSP.api=Unknown
USB_HOST0.BSP.component=
USB_HOST0.BSP.condition=ALL_SW_VBUS_DRIVE_HS \= false
USB_HOST0.BSP.instance=PB13
USB_HOST0.BSP.ip=GPIO
USB_HOST0.BSP.mode=Output
USB_HOST0.BSP.name=Drive_VBUS_HS
USB_HOST0.BSP.semaphore=
USB_HOST0.BSP.solution=PB13
USB_OTG_HS.IPParameters=VirtualMode-Host_FS
USB_OTG_HS.VirtualMode-Host_FS=Host_FS
VP_CRC_VS_CRC.Mode=CRC_Activate
VP_CRC_VS_CRC.Signal=CRC_VS_CRC
VP_FATFS_VS_USB.Mode=USB
VP_FATFS_VS_USB.Signal=FATFS_VS_USB
VP_FREERTOS_VS_CMSIS_V2.Mode=CMSIS_V2
VP_FREERTOS_VS_CMSIS_V2.Signal=FREERTOS_VS_CMSIS_V2
VP_SYS_VS_tim11.Mode=TIM11
VP_SYS_VS_tim11.Signal=SYS_VS_tim11
VP_TIM10_VS_ClockSourceINT.Mode=Enable_Timer
VP_TIM10_VS_ClockSourceINT.Signal=TIM10_VS_ClockSourceINT
VP_TIM10_VS_no_output1.Mode=PWM Generation1 No Output
VP_TIM10_VS_no_output1.Signal=TIM10_VS_no_output1
VP_TIM4_VS_no_output1.Mode=Output Compare1 No Output
VP_TIM4_VS_no_output1.Signal=TIM4_VS_no_output1
VP_TIM8_VS_no_output1.Mode=PWM Generation1 No Output
VP_TIM8_VS_no_output1.Signal=TIM8_VS_no_output1
VP_USB_HOST_VS_USB_HOST_ALL_CLASS_HS.Mode=ALL_Classes_HS
VP_USB_HOST_VS_USB_HOST_ALL_CLASS_HS.Signal=USB_HOST_VS_USB_HOST_ALL_CLASS_HS
board=custom
rtos.0.ip=FREERTOS
